
Microsoft Visual Studio Solution File, Format Version 12.00
# Visual Studio Version 17
VisualStudioVersion = 17.10.34928.147
MinimumVisualStudioVersion = 10.0.40219.1
Project("{FAE04EC0-301F-11D3-BF4B-00C04F79EFBC}") = "MediCare", "MediCare\MediCare.csproj", "{7ED43B40-4047-4917-B1D8-F8C4FDB8D315}"
EndProject
Global
	GlobalSection(SolutionConfigurationPlatforms) = preSolution
		Debug|Any CPU = Debug|Any CPU
		Release|Any CPU = Release|Any CPU
	EndGlobalSection
	GlobalSection(ProjectConfigurationPlatforms) = postSolution
		{7ED43B40-4047-4917-B1D8-F8C4FDB8D315}.Debug|Any CPU.ActiveCfg = Debug|Any CPU
		{7ED43B40-4047-4917-B1D8-F8C4FDB8D315}.Debug|Any CPU.Build.0 = Debug|Any CPU
		{7ED43B40-4047-4917-B1D8-F8C4FDB8D315}.Release|Any CPU.ActiveCfg = Release|Any CPU
		{7ED43B40-4047-4917-B1D8-F8C4FDB8D315}.Release|Any CPU.Build.0 = Release|Any CPU
	EndGlobalSection
	GlobalSection(SolutionProperties) = preSolution
		HideSolutionNode = FALSE
	EndGlobalSection
	GlobalSection(ExtensibilityGlobals) = postSolution
		SolutionGuid = {54779A0D-B65C-4A5D-8A48-FE26D4AAC5C7}
	EndGlobalSection
EndGlobal
